
Microsoft Visual Studio Solution File, Format Version 12.00
# Visual Studio 15
VisualStudioVersion = 15.0.27004.2006
MinimumVisualStudioVersion = 10.0.40219.1
Project("{9A19103F-16F7-4668-BE54-9A1E7A4F7556}") = "StudentServisWebScraper.Api", "StudentServisWebScraper.Api\StudentServisWebScraper.Api.csproj", "{015F0734-1AF8-429E-9223-40AB333103A0}"
EndProject
Project("{FAE04EC0-301F-11D3-BF4B-00C04F79EFBC}") = "StudentServisWebScraper.TestApplication", "StudentServisWebScraper.TestApplication\StudentServisWebScraper.TestApplication.csproj", "{22504D10-C988-40A9-A4FE-4ECBBB7547AB}"
EndProject
Project("{D954291E-2A0B-460D-934E-DC6B0785DB48}") = "SSWS.Mobile", "SSWS.Mobile\SSWS.Mobile\SSWS.Mobile.shproj", "{822D38A8-BFED-4755-B1FF-E49DDBDEC624}"
EndProject
Project("{FAE04EC0-301F-11D3-BF4B-00C04F79EFBC}") = "SSWS.Mobile.Android", "SSWS.Mobile\SSWS.Mobile.Android\SSWS.Mobile.Android.csproj", "{309ED55B-AF77-42DC-8FB3-F3C3B2FB2D3C}"
EndProject
Project("{FAE04EC0-301F-11D3-BF4B-00C04F79EFBC}") = "SSWS.Mobile.iOS", "SSWS.Mobile\SSWS.Mobile.iOS\SSWS.Mobile.iOS.csproj", "{5B5BBE7D-F4C5-4805-89AF-61A378E41103}"
EndProject
Global
	GlobalSection(SharedMSBuildProjectFiles) = preSolution
		SSWS.Mobile\SSWS.Mobile\SSWS.Mobile.projitems*{309ed55b-af77-42dc-8fb3-f3c3b2fb2d3c}*SharedItemsImports = 4
		SSWS.Mobile\SSWS.Mobile\SSWS.Mobile.projitems*{5b5bbe7d-f4c5-4805-89af-61a378e41103}*SharedItemsImports = 4
		SSWS.Mobile\SSWS.Mobile\SSWS.Mobile.projitems*{822d38a8-bfed-4755-b1ff-e49ddbdec624}*SharedItemsImports = 13
	EndGlobalSection
	GlobalSection(SolutionConfigurationPlatforms) = preSolution
		Ad-Hoc|Any CPU = Ad-Hoc|Any CPU
		Ad-Hoc|iPhone = Ad-Hoc|iPhone
		Ad-Hoc|iPhoneSimulator = Ad-Hoc|iPhoneSimulator
		AppStore|Any CPU = AppStore|Any CPU
		AppStore|iPhone = AppStore|iPhone
		AppStore|iPhoneSimulator = AppStore|iPhoneSimulator
		Debug|Any CPU = Debug|Any CPU
		Debug|iPhone = Debug|iPhone
		Debug|iPhoneSimulator = Debug|iPhoneSimulator
		Release|Any CPU = Release|Any CPU
		Release|iPhone = Release|iPhone
		Release|iPhoneSimulator = Release|iPhoneSimulator
	EndGlobalSection
	GlobalSection(ProjectConfigurationPlatforms) = postSolution
		{015F0734-1AF8-429E-9223-40AB333103A0}.Ad-Hoc|Any CPU.ActiveCfg = Release|Any CPU
		{015F0734-1AF8-429E-9223-40AB333103A0}.Ad-Hoc|Any CPU.Build.0 = Release|Any CPU
		{015F0734-1AF8-429E-9223-40AB333103A0}.Ad-Hoc|iPhone.ActiveCfg = Release|Any CPU
		{015F0734-1AF8-429E-9223-40AB333103A0}.Ad-Hoc|iPhone.Build.0 = Release|Any CPU
		{015F0734-1AF8-429E-9223-40AB333103A0}.Ad-Hoc|iPhoneSimulator.ActiveCfg = Release|Any CPU
		{015F0734-1AF8-429E-9223-40AB333103A0}.Ad-Hoc|iPhoneSimulator.Build.0 = Release|Any CPU
		{015F0734-1AF8-429E-9223-40AB333103A0}.AppStore|Any CPU.ActiveCfg = Release|Any CPU
		{015F0734-1AF8-429E-9223-40AB333103A0}.AppStore|Any CPU.Build.0 = Release|Any CPU
		{015F0734-1AF8-429E-9223-40AB333103A0}.AppStore|iPhone.ActiveCfg = Release|Any CPU
		{015F0734-1AF8-429E-9223-40AB333103A0}.AppStore|iPhone.Build.0 = Release|Any CPU
		{015F0734-1AF8-429E-9223-40AB333103A0}.AppStore|iPhoneSimulator.ActiveCfg = Release|Any CPU
		{015F0734-1AF8-429E-9223-40AB333103A0}.AppStore|iPhoneSimulator.Build.0 = Release|Any CPU
		{015F0734-1AF8-429E-9223-40AB333103A0}.Debug|Any CPU.ActiveCfg = Debug|Any CPU
		{015F0734-1AF8-429E-9223-40AB333103A0}.Debug|Any CPU.Build.0 = Debug|Any CPU
		{015F0734-1AF8-429E-9223-40AB333103A0}.Debug|iPhone.ActiveCfg = Debug|Any CPU
		{015F0734-1AF8-429E-9223-40AB333103A0}.Debug|iPhone.Build.0 = Debug|Any CPU
		{015F0734-1AF8-429E-9223-40AB333103A0}.Debug|iPhoneSimulator.ActiveCfg = Debug|Any CPU
		{015F0734-1AF8-429E-9223-40AB333103A0}.Debug|iPhoneSimulator.Build.0 = Debug|Any CPU
		{015F0734-1AF8-429E-9223-40AB333103A0}.Release|Any CPU.ActiveCfg = Release|Any CPU
		{015F0734-1AF8-429E-9223-40AB333103A0}.Release|Any CPU.Build.0 = Release|Any CPU
		{015F0734-1AF8-429E-9223-40AB333103A0}.Release|iPhone.ActiveCfg = Release|Any CPU
		{015F0734-1AF8-429E-9223-40AB333103A0}.Release|iPhone.Build.0 = Release|Any CPU
		{015F0734-1AF8-429E-9223-40AB333103A0}.Release|iPhoneSimulator.ActiveCfg = Release|Any CPU
		{015F0734-1AF8-429E-9223-40AB333103A0}.Release|iPhoneSimulator.Build.0 = Release|Any CPU
		{22504D10-C988-40A9-A4FE-4ECBBB7547AB}.Ad-Hoc|Any CPU.ActiveCfg = Release|Any CPU
		{22504D10-C988-40A9-A4FE-4ECBBB7547AB}.Ad-Hoc|Any CPU.Build.0 = Release|Any CPU
		{22504D10-C988-40A9-A4FE-4ECBBB7547AB}.Ad-Hoc|iPhone.ActiveCfg = Release|Any CPU
		{22504D10-C988-40A9-A4FE-4ECBBB7547AB}.Ad-Hoc|iPhone.Build.0 = Release|Any CPU
		{22504D10-C988-40A9-A4FE-4ECBBB7547AB}.Ad-Hoc|iPhoneSimulator.ActiveCfg = Release|Any CPU
		{22504D10-C988-40A9-A4FE-4ECBBB7547AB}.Ad-Hoc|iPhoneSimulator.Build.0 = Release|Any CPU
		{22504D10-C988-40A9-A4FE-4ECBBB7547AB}.AppStore|Any CPU.ActiveCfg = Release|Any CPU
		{22504D10-C988-40A9-A4FE-4ECBBB7547AB}.AppStore|Any CPU.Build.0 = Release|Any CPU
		{22504D10-C988-40A9-A4FE-4ECBBB7547AB}.AppStore|iPhone.ActiveCfg = Release|Any CPU
		{22504D10-C988-40A9-A4FE-4ECBBB7547AB}.AppStore|iPhone.Build.0 = Release|Any CPU
		{22504D10-C988-40A9-A4FE-4ECBBB7547AB}.AppStore|iPhoneSimulator.ActiveCfg = Release|Any CPU
		{22504D10-C988-40A9-A4FE-4ECBBB7547AB}.AppStore|iPhoneSimulator.Build.0 = Release|Any CPU
		{22504D10-C988-40A9-A4FE-4ECBBB7547AB}.Debug|Any CPU.ActiveCfg = Debug|Any CPU
		{22504D10-C988-40A9-A4FE-4ECBBB7547AB}.Debug|Any CPU.Build.0 = Debug|Any CPU
		{22504D10-C988-40A9-A4FE-4ECBBB7547AB}.Debug|iPhone.ActiveCfg = Debug|Any CPU
		{22504D10-C988-40A9-A4FE-4ECBBB7547AB}.Debug|iPhone.Build.0 = Debug|Any CPU
		{22504D10-C988-40A9-A4FE-4ECBBB7547AB}.Debug|iPhoneSimulator.ActiveCfg = Debug|Any CPU
		{22504D10-C988-40A9-A4FE-4ECBBB7547AB}.Debug|iPhoneSimulator.Build.0 = Debug|Any CPU
		{22504D10-C988-40A9-A4FE-4ECBBB7547AB}.Release|Any CPU.ActiveCfg = Release|Any CPU
		{22504D10-C988-40A9-A4FE-4ECBBB7547AB}.Release|Any CPU.Build.0 = Release|Any CPU
		{22504D10-C988-40A9-A4FE-4ECBBB7547AB}.Release|iPhone.ActiveCfg = Release|Any CPU
		{22504D10-C988-40A9-A4FE-4ECBBB7547AB}.Release|iPhone.Build.0 = Release|Any CPU
		{22504D10-C988-40A9-A4FE-4ECBBB7547AB}.Release|iPhoneSimulator.ActiveCfg = Release|Any CPU
		{22504D10-C988-40A9-A4FE-4ECBBB7547AB}.Release|iPhoneSimulator.Build.0 = Release|Any CPU
		{309ED55B-AF77-42DC-8FB3-F3C3B2FB2D3C}.Ad-Hoc|Any CPU.ActiveCfg = Release|Any CPU
		{309ED55B-AF77-42DC-8FB3-F3C3B2FB2D3C}.Ad-Hoc|Any CPU.Build.0 = Release|Any CPU
		{309ED55B-AF77-42DC-8FB3-F3C3B2FB2D3C}.Ad-Hoc|Any CPU.Deploy.0 = Release|Any CPU
		{309ED55B-AF77-42DC-8FB3-F3C3B2FB2D3C}.Ad-Hoc|iPhone.ActiveCfg = Release|Any CPU
		{309ED55B-AF77-42DC-8FB3-F3C3B2FB2D3C}.Ad-Hoc|iPhone.Build.0 = Release|Any CPU
		{309ED55B-AF77-42DC-8FB3-F3C3B2FB2D3C}.Ad-Hoc|iPhone.Deploy.0 = Release|Any CPU
		{309ED55B-AF77-42DC-8FB3-F3C3B2FB2D3C}.Ad-Hoc|iPhoneSimulator.ActiveCfg = Release|Any CPU
		{309ED55B-AF77-42DC-8FB3-F3C3B2FB2D3C}.Ad-Hoc|iPhoneSimulator.Build.0 = Release|Any CPU
		{309ED55B-AF77-42DC-8FB3-F3C3B2FB2D3C}.Ad-Hoc|iPhoneSimulator.Deploy.0 = Release|Any CPU
		{309ED55B-AF77-42DC-8FB3-F3C3B2FB2D3C}.AppStore|Any CPU.ActiveCfg = Release|Any CPU
		{309ED55B-AF77-42DC-8FB3-F3C3B2FB2D3C}.AppStore|Any CPU.Build.0 = Release|Any CPU
		{309ED55B-AF77-42DC-8FB3-F3C3B2FB2D3C}.AppStore|Any CPU.Deploy.0 = Release|Any CPU
		{309ED55B-AF77-42DC-8FB3-F3C3B2FB2D3C}.AppStore|iPhone.ActiveCfg = Release|Any CPU
		{309ED55B-AF77-42DC-8FB3-F3C3B2FB2D3C}.AppStore|iPhone.Build.0 = Release|Any CPU
		{309ED55B-AF77-42DC-8FB3-F3C3B2FB2D3C}.AppStore|iPhone.Deploy.0 = Release|Any CPU
		{309ED55B-AF77-42DC-8FB3-F3C3B2FB2D3C}.AppStore|iPhoneSimulator.ActiveCfg = Release|Any CPU
		{309ED55B-AF77-42DC-8FB3-F3C3B2FB2D3C}.AppStore|iPhoneSimulator.Build.0 = Release|Any CPU
		{309ED55B-AF77-42DC-8FB3-F3C3B2FB2D3C}.AppStore|iPhoneSimulator.Deploy.0 = Release|Any CPU
		{309ED55B-AF77-42DC-8FB3-F3C3B2FB2D3C}.Debug|Any CPU.ActiveCfg = Debug|Any CPU
		{309ED55B-AF77-42DC-8FB3-F3C3B2FB2D3C}.Debug|Any CPU.Build.0 = Debug|Any CPU
		{309ED55B-AF77-42DC-8FB3-F3C3B2FB2D3C}.Debug|Any CPU.Deploy.0 = Debug|Any CPU
		{309ED55B-AF77-42DC-8FB3-F3C3B2FB2D3C}.Debug|iPhone.ActiveCfg = Debug|Any CPU
		{309ED55B-AF77-42DC-8FB3-F3C3B2FB2D3C}.Debug|iPhone.Build.0 = Debug|Any CPU
		{309ED55B-AF77-42DC-8FB3-F3C3B2FB2D3C}.Debug|iPhone.Deploy.0 = Debug|Any CPU
		{309ED55B-AF77-42DC-8FB3-F3C3B2FB2D3C}.Debug|iPhoneSimulator.ActiveCfg = Debug|Any CPU
		{309ED55B-AF77-42DC-8FB3-F3C3B2FB2D3C}.Debug|iPhoneSimulator.Build.0 = Debug|Any CPU
		{309ED55B-AF77-42DC-8FB3-F3C3B2FB2D3C}.Debug|iPhoneSimulator.Deploy.0 = Debug|Any CPU
		{309ED55B-AF77-42DC-8FB3-F3C3B2FB2D3C}.Release|Any CPU.ActiveCfg = Release|Any CPU
		{309ED55B-AF77-42DC-8FB3-F3C3B2FB2D3C}.Release|Any CPU.Build.0 = Release|Any CPU
		{309ED55B-AF77-42DC-8FB3-F3C3B2FB2D3C}.Release|Any CPU.Deploy.0 = Release|Any CPU
		{309ED55B-AF77-42DC-8FB3-F3C3B2FB2D3C}.Release|iPhone.ActiveCfg = Release|Any CPU
		{309ED55B-AF77-42DC-8FB3-F3C3B2FB2D3C}.Release|iPhone.Build.0 = Release|Any CPU
		{309ED55B-AF77-42DC-8FB3-F3C3B2FB2D3C}.Release|iPhone.Deploy.0 = Release|Any CPU
		{309ED55B-AF77-42DC-8FB3-F3C3B2FB2D3C}.Release|iPhoneSimulator.ActiveCfg = Release|Any CPU
		{309ED55B-AF77-42DC-8FB3-F3C3B2FB2D3C}.Release|iPhoneSimulator.Build.0 = Release|Any CPU
		{309ED55B-AF77-42DC-8FB3-F3C3B2FB2D3C}.Release|iPhoneSimulator.Deploy.0 = Release|Any CPU
		{5B5BBE7D-F4C5-4805-89AF-61A378E41103}.Ad-Hoc|Any CPU.ActiveCfg = Ad-Hoc|iPhoneSimulator
		{5B5BBE7D-F4C5-4805-89AF-61A378E41103}.Ad-Hoc|iPhone.ActiveCfg = Ad-Hoc|iPhone
		{5B5BBE7D-F4C5-4805-89AF-61A378E41103}.Ad-Hoc|iPhone.Build.0 = Ad-Hoc|iPhone
		{5B5BBE7D-F4C5-4805-89AF-61A378E41103}.Ad-Hoc|iPhoneSimulator.ActiveCfg = Ad-Hoc|iPhoneSimulator
		{5B5BBE7D-F4C5-4805-89AF-61A378E41103}.Ad-Hoc|iPhoneSimulator.Build.0 = Ad-Hoc|iPhoneSimulator
		{5B5BBE7D-F4C5-4805-89AF-61A378E41103}.AppStore|Any CPU.ActiveCfg = AppStore|iPhoneSimulator
		{5B5BBE7D-F4C5-4805-89AF-61A378E41103}.AppStore|iPhone.ActiveCfg = AppStore|iPhone
		{5B5BBE7D-F4C5-4805-89AF-61A378E41103}.AppStore|iPhone.Build.0 = AppStore|iPhone
		{5B5BBE7D-F4C5-4805-89AF-61A378E41103}.AppStore|iPhoneSimulator.ActiveCfg = AppStore|iPhoneSimulator
		{5B5BBE7D-F4C5-4805-89AF-61A378E41103}.AppStore|iPhoneSimulator.Build.0 = AppStore|iPhoneSimulator
		{5B5BBE7D-F4C5-4805-89AF-61A378E41103}.Debug|Any CPU.ActiveCfg = Debug|iPhoneSimulator
		{5B5BBE7D-F4C5-4805-89AF-61A378E41103}.Debug|iPhone.ActiveCfg = Debug|iPhone
		{5B5BBE7D-F4C5-4805-89AF-61A378E41103}.Debug|iPhone.Build.0 = Debug|iPhone
		{5B5BBE7D-F4C5-4805-89AF-61A378E41103}.Debug|iPhoneSimulator.ActiveCfg = Debug|iPhoneSimulator
		{5B5BBE7D-F4C5-4805-89AF-61A378E41103}.Debug|iPhoneSimulator.Build.0 = Debug|iPhoneSimulator
		{5B5BBE7D-F4C5-4805-89AF-61A378E41103}.Release|Any CPU.ActiveCfg = Release|iPhoneSimulator
		{5B5BBE7D-F4C5-4805-89AF-61A378E41103}.Release|iPhone.ActiveCfg = Release|iPhone
		{5B5BBE7D-F4C5-4805-89AF-61A378E41103}.Release|iPhone.Build.0 = Release|iPhone
		{5B5BBE7D-F4C5-4805-89AF-61A378E41103}.Release|iPhoneSimulator.ActiveCfg = Release|iPhoneSimulator
		{5B5BBE7D-F4C5-4805-89AF-61A378E41103}.Release|iPhoneSimulator.Build.0 = Release|iPhoneSimulator
	EndGlobalSection
	GlobalSection(SolutionProperties) = preSolution
		HideSolutionNode = FALSE
	EndGlobalSection
	GlobalSection(ExtensibilityGlobals) = postSolution
		SolutionGuid = {9D58730C-8FC5-49FB-B85D-0187213EB011}
	EndGlobalSection
EndGlobal
